// !$*UTF8*$!
{
	archiveVersion = 1;
	classes = {
	};
	objectVersion = 50;
	objects = {

/* Begin PBXBuildFile section */
		913B302322112A4B00FFFAAD /* AppDelegate.swift in Sources */ = {isa = PBXBuildFile; fileRef = 913B302222112A4B00FFFAAD /* AppDelegate.swift */; };
		913B302522112A4B00FFFAAD /* ViewController.swift in Sources */ = {isa = PBXBuildFile; fileRef = 913B302422112A4B00FFFAAD /* ViewController.swift */; };
		913B302822112A4B00FFFAAD /* Main.storyboard in Resources */ = {isa = PBXBuildFile; fileRef = 913B302622112A4B00FFFAAD /* Main.storyboard */; };
		913B302A22112A4C00FFFAAD /* Assets.xcassets in Resources */ = {isa = PBXBuildFile; fileRef = 913B302922112A4C00FFFAAD /* Assets.xcassets */; };
		913B302D22112A4C00FFFAAD /* LaunchScreen.storyboard in Resources */ = {isa = PBXBuildFile; fileRef = 913B302B22112A4C00FFFAAD /* LaunchScreen.storyboard */; };
		913B304F22114F5300FFFAAD /* routes.swift in Sources */ = {isa = PBXBuildFile; fileRef = 913B304E22114F5300FFFAAD /* routes.swift */; };
		913B305322114F6200FFFAAD /* ExampleFirstViewController.swift in Sources */ = {isa = PBXBuildFile; fileRef = 913B305122114F6200FFFAAD /* ExampleFirstViewController.swift */; };
		913B305422114F6200FFFAAD /* ExampleSecondViewController.swift in Sources */ = {isa = PBXBuildFile; fileRef = 913B305222114F6200FFFAAD /* ExampleSecondViewController.swift */; };
/* End PBXBuildFile section */

/* Begin PBXFileReference section */
		913B301F22112A4B00FFFAAD /* routerbuilder.app */ = {isa = PBXFileReference; explicitFileType = wrapper.application; includeInIndex = 0; path = routerbuilder.app; sourceTree = BUILT_PRODUCTS_DIR; };
		913B302222112A4B00FFFAAD /* AppDelegate.swift */ = {isa = PBXFileReference; lastKnownFileType = sourcecode.swift; path = AppDelegate.swift; sourceTree = "<group>"; };
		913B302422112A4B00FFFAAD /* ViewController.swift */ = {isa = PBXFileReference; lastKnownFileType = sourcecode.swift; path = ViewController.swift; sourceTree = "<group>"; };
		913B302722112A4B00FFFAAD /* Base */ = {isa = PBXFileReference; lastKnownFileType = file.storyboard; name = Base; path = Base.lproj/Main.storyboard; sourceTree = "<group>"; };
		913B302922112A4C00FFFAAD /* Assets.xcassets */ = {isa = PBXFileReference; lastKnownFileType = folder.assetcatalog; path = Assets.xcassets; sourceTree = "<group>"; };
		913B302C22112A4C00FFFAAD /* Base */ = {isa = PBXFileReference; lastKnownFileType = file.storyboard; name = Base; path = Base.lproj/LaunchScreen.storyboard; sourceTree = "<group>"; };
		913B302E22112A4C00FFFAAD /* Info.plist */ = {isa = PBXFileReference; lastKnownFileType = text.plist.xml; path = Info.plist; sourceTree = "<group>"; };
		913B304E22114F5300FFFAAD /* routes.swift */ = {isa = PBXFileReference; fileEncoding = 4; lastKnownFileType = sourcecode.swift; path = routes.swift; sourceTree = "<group>"; };
		913B305122114F6200FFFAAD /* ExampleFirstViewController.swift */ = {isa = PBXFileReference; fileEncoding = 4; lastKnownFileType = sourcecode.swift; path = ExampleFirstViewController.swift; sourceTree = "<group>"; };
		913B305222114F6200FFFAAD /* ExampleSecondViewController.swift */ = {isa = PBXFileReference; fileEncoding = 4; lastKnownFileType = sourcecode.swift; path = ExampleSecondViewController.swift; sourceTree = "<group>"; };
/* End PBXFileReference section */

/* Begin PBXFrameworksBuildPhase section */
		913B301C22112A4B00FFFAAD /* Frameworks */ = {
			isa = PBXFrameworksBuildPhase;
			buildActionMask = 2147483647;
			files = (
			);
			runOnlyForDeploymentPostprocessing = 0;
		};
/* End PBXFrameworksBuildPhase section */

/* Begin PBXGroup section */
		913B301622112A4B00FFFAAD = {
			isa = PBXGroup;
			children = (
				913B302122112A4B00FFFAAD /* routerbuilder */,
				913B302022112A4B00FFFAAD /* Products */,
			);
			sourceTree = "<group>";
		};
		913B302022112A4B00FFFAAD /* Products */ = {
			isa = PBXGroup;
			children = (
				913B301F22112A4B00FFFAAD /* routerbuilder.app */,
			);
			name = Products;
			sourceTree = "<group>";
		};
		913B302122112A4B00FFFAAD /* routerbuilder */ = {
			isa = PBXGroup;
			children = (
				913B305022114F6200FFFAAD /* Resources */,
				913B304E22114F5300FFFAAD /* routes.swift */,
				913B302222112A4B00FFFAAD /* AppDelegate.swift */,
				913B302422112A4B00FFFAAD /* ViewController.swift */,
				913B302622112A4B00FFFAAD /* Main.storyboard */,
				913B302922112A4C00FFFAAD /* Assets.xcassets */,
				913B302B22112A4C00FFFAAD /* LaunchScreen.storyboard */,
				913B302E22112A4C00FFFAAD /* Info.plist */,
			);
			path = routerbuilder;
			sourceTree = "<group>";
		};
		913B305022114F6200FFFAAD /* Resources */ = {
			isa = PBXGroup;
			children = (
				913B305122114F6200FFFAAD /* ExampleFirstViewController.swift */,
				913B305222114F6200FFFAAD /* ExampleSecondViewController.swift */,
			);
			name = Resources;
			path = ../../Resources;
			sourceTree = "<group>";
		};
/* End PBXGroup section */

/* Begin PBXNativeTarget section */
		913B301E22112A4B00FFFAAD /* routerbuilder */ = {
			isa = PBXNativeTarget;
			buildConfigurationList = 913B303122112A4C00FFFAAD /* Build configuration list for PBXNativeTarget "routerbuilder" */;
			buildPhases = (
				913B301B22112A4B00FFFAAD /* Sources */,
				913B301C22112A4B00FFFAAD /* Frameworks */,
				913B301D22112A4B00FFFAAD /* Resources */,
			);
			buildRules = (
			);
			dependencies = (
			);
			name = routerbuilder;
			productName = routerbuilder;
			productReference = 913B301F22112A4B00FFFAAD /* routerbuilder.app */;
			productType = "com.apple.product-type.application";
		};
/* End PBXNativeTarget section */

/* Begin PBXProject section */
		913B301722112A4B00FFFAAD /* Project object */ = {
			isa = PBXProject;
			attributes = {
				LastSwiftUpdateCheck = 1010;
				LastUpgradeCheck = 1010;
				ORGANIZATIONNAME = DianQK;
				TargetAttributes = {
					913B301E22112A4B00FFFAAD = {
						CreatedOnToolsVersion = 10.1;
						LastSwiftMigration = 1020;
					};
				};
			};
			buildConfigurationList = 913B301A22112A4B00FFFAAD /* Build configuration list for PBXProject "routerbuilder" */;
			compatibilityVersion = "Xcode 9.3";
			developmentRegion = en;
			hasScannedForEncodings = 0;
			knownRegions = (
				en,
				Base,
			);
			mainGroup = 913B301622112A4B00FFFAAD;
			productRefGroup = 913B302022112A4B00FFFAAD /* Products */;
			projectDirPath = "";
			projectRoot = "";
			targets = (
				913B301E22112A4B00FFFAAD /* routerbuilder */,
			);
		};
/* End PBXProject section */

/* Begin PBXResourcesBuildPhase section */
		913B301D22112A4B00FFFAAD /* Resources */ = {
			isa = PBXResourcesBuildPhase;
			buildActionMask = 2147483647;
			files = (
				913B302D22112A4C00FFFAAD /* LaunchScreen.storyboard in Resources */,
				913B302A22112A4C00FFFAAD /* Assets.xcassets in Resources */,
				913B302822112A4B00FFFAAD /* Main.storyboard in Resources */,
			);
			runOnlyForDeploymentPostprocessing = 0;
		};
/* End PBXResourcesBuildPhase section */

/* Begin PBXSourcesBuildPhase section */
		913B301B22112A4B00FFFAAD /* Sources */ = {
			isa = PBXSourcesBuildPhase;
			buildActionMask = 2147483647;
			files = (
				913B305322114F6200FFFAAD /* ExampleFirstViewController.swift in Sources */,
				913B302522112A4B00FFFAAD /* ViewController.swift in Sources */,
				913B302322112A4B00FFFAAD /* AppDelegate.swift in Sources */,
				913B305422114F6200FFFAAD /* ExampleSecondViewController.swift in Sources */,
				913B304F22114F5300FFFAAD /* routes.swift in Sources */,
			);
			runOnlyForDeploymentPostprocessing = 0;
		};
/* End PBXSourcesBuildPhase section */

/* Begin PBXVariantGroup section */
		913B302622112A4B00FFFAAD /* Main.storyboard */ = {
			isa = PBXVariantGroup;
			children = (
				913B302722112A4B00FFFAAD /* Base */,
			);
			name = Main.storyboard;
			sourceTree = "<group>";
		};
		913B302B22112A4C00FFFAAD /* LaunchScreen.storyboard */ = {
			isa = PBXVariantGroup;
			children = (
				913B302C22112A4C00FFFAAD /* Base */,
			);
			name = LaunchScreen.storyboard;
			sourceTree = "<group>";
		};
/* End PBXVariantGroup section */

/* Begin XCBuildConfiguration section */
		913B302F22112A4C00FFFAAD /* Debug */ = {
			isa = XCBuildConfiguration;
			buildSettings = {
				ALWAYS_SEARCH_USER_PATHS = NO;
				CLANG_ANALYZER_NONNULL = YES;
				CLANG_ANALYZER_NUMBER_OBJECT_CONVERSION = YES_AGGRESSIVE;
				CLANG_CXX_LANGUAGE_STANDARD = "gnu++14";
				CLANG_CXX_LIBRARY = "libc++";
				CLANG_ENABLE_MODULES = YES;
				CLANG_ENABLE_OBJC_ARC = YES;
				CLANG_ENABLE_OBJC_WEAK = YES;
				CLANG_WARN_BLOCK_CAPTURE_AUTORELEASING = YES;
				CLANG_WARN_BOOL_CONVERSION = YES;
				CLANG_WARN_COMMA = YES;
				CLANG_WARN_CONSTANT_CONVERSION = YES;
				CLANG_WARN_DEPRECATED_OBJC_IMPLEMENTATIONS = YES;
				CLANG_WARN_DIRECT_OBJC_ISA_USAGE = YES_ERROR;
				CLANG_WARN_DOCUMENTATION_COMMENTS = YES;
				CLANG_WARN_EMPTY_BODY = YES;
				CLANG_WARN_ENUM_CONVERSION = YES;
				CLANG_WARN_INFINITE_RECURSION = YES;
				CLANG_WARN_INT_CONVERSION = YES;
				CLANG_WARN_NON_LITERAL_NULL_CONVERSION = YES;
				CLANG_WARN_OBJC_IMPLICIT_RETAIN_SELF = YES;
				CLANG_WARN_OBJC_LITERAL_CONVERSION = YES;
				CLANG_WARN_OBJC_ROOT_CLASS = YES_ERROR;
				CLANG_WARN_RANGE_LOOP_ANALYSIS = YES;
				CLANG_WARN_STRICT_PROTOTYPES = YES;
				CLANG_WARN_SUSPICIOUS_MOVE = YES;
				CLANG_WARN_UNGUARDED_AVAILABILITY = YES_AGGRESSIVE;
				CLANG_WARN_UNREACHABLE_CODE = YES;
				CLANG_WARN__DUPLICATE_METHOD_MATCH = YES;
				CODE_SIGN_IDENTITY = "iPhone Developer";
				COPY_PHASE_STRIP = NO;
				DEBUG_INFORMATION_FORMAT = dwarf;
				ENABLE_STRICT_OBJC_MSGSEND = YES;
				ENABLE_TESTABILITY = YES;
				GCC_C_LANGUAGE_STANDARD = gnu11;
				GCC_DYNAMIC_NO_PIC = NO;
				GCC_NO_COMMON_BLOCKS = YES;
				GCC_OPTIMIZATION_LEVEL = 0;
				GCC_PREPROCESSOR_DEFINITIONS = (
					"DEBUG=1",
					"$(inherited)",
				);
				GCC_WARN_64_TO_32_BIT_CONVERSION = YES;
				GCC_WARN_ABOUT_RETURN_TYPE = YES_ERROR;
				GCC_WARN_UNDECLARED_SELECTOR = YES;
				GCC_WARN_UNINITIALIZED_AUTOS = YES_AGGRESSIVE;
				GCC_WARN_UNUSED_FUNCTION = YES;
				GCC_WARN_UNUSED_VARIABLE = YES;
				IPHONEOS_DEPLOYMENT_TARGET = 12.2;
				MTL_ENABLE_DEBUG_INFO = INCLUDE_SOURCE;
				MTL_FAST_MATH = YES;
				ONLY_ACTIVE_ARCH = YES;
				SDKROOT = iphoneos;
				SWIFT_ACTIVE_COMPILATION_CONDITIONS = DEBUG;
				SWIFT_OPTIMIZATION_LEVEL = "-Onone";
			};
			name = Debug;
		};
		913B303022112A4C00FFFAAD /* Release */ = {
			isa = XCBuildConfiguration;
			buildSettings = {
				ALWAYS_SEARCH_USER_PATHS = NO;
				CLANG_ANALYZER_NONNULL = YES;
				CLANG_ANALYZER_NUMBER_OBJECT_CONVERSION = YES_AGGRESSIVE;
				CLANG_CXX_LANGUAGE_STANDARD = "gnu++14";
				CLANG_CXX_LIBRARY = "libc++";
				CLANG_ENABLE_MODULES = YES;
				CLANG_ENABLE_OBJC_ARC = YES;
				CLANG_ENABLE_OBJC_WEAK = YES;
				CLANG_WARN_BLOCK_CAPTURE_AUTORELEASING = YES;
				CLANG_WARN_BOOL_CONVERSION = YES;
				CLANG_WARN_COMMA = YES;
				CLANG_WARN_CONSTANT_CONVERSION = YES;
				CLANG_WARN_DEPRECATED_OBJC_IMPLEMENTATIONS = YES;
				CLANG_WARN_DIRECT_OBJC_ISA_USAGE = YES_ERROR;
				CLANG_WARN_DOCUMENTATION_COMMENTS = YES;
				CLANG_WARN_EMPTY_BODY = YES;
				CLANG_WARN_ENUM_CONVERSION = YES;
				CLANG_WARN_INFINITE_RECURSION = YES;
				CLANG_WARN_INT_CONVERSION = YES;
				CLANG_WARN_NON_LITERAL_NULL_CONVERSION = YES;
				CLANG_WARN_OBJC_IMPLICIT_RETAIN_SELF = YES;
				CLANG_WARN_OBJC_LITERAL_CONVERSION = YES;
				CLANG_WARN_OBJC_ROOT_CLASS = YES_ERROR;
				CLANG_WARN_RANGE_LOOP_ANALYSIS = YES;
				CLANG_WARN_STRICT_PROTOTYPES = YES;
				CLANG_WARN_SUSPICIOUS_MOVE = YES;
				CLANG_WARN_UNGUARDED_AVAILABILITY = YES_AGGRESSIVE;
				CLANG_WARN_UNREACHABLE_CODE = YES;
				CLANG_WARN__DUPLICATE_METHOD_MATCH = YES;
				CODE_SIGN_IDENTITY = "iPhone Developer";
				COPY_PHASE_STRIP = NO;
				DEBUG_INFORMATION_FORMAT = "dwarf-with-dsym";
				ENABLE_NS_ASSERTIONS = NO;
				ENABLE_STRICT_OBJC_MSGSEND = YES;
				GCC_C_LANGUAGE_STANDARD = gnu11;
				GCC_NO_COMMON_BLOCKS = YES;
				GCC_WARN_64_TO_32_BIT_CONVERSION = YES;
				GCC_WARN_ABOUT_RETURN_TYPE = YES_ERROR;
				GCC_WARN_UNDECLARED_SELECTOR = YES;
				GCC_WARN_UNINITIALIZED_AUTOS = YES_AGGRESSIVE;
				GCC_WARN_UNUSED_FUNCTION = YES;
				GCC_WARN_UNUSED_VARIABLE = YES;
				IPHONEOS_DEPLOYMENT_TARGET = 12.2;
				MTL_ENABLE_DEBUG_INFO = NO;
				MTL_FAST_MATH = YES;
				SDKROOT = iphoneos;
				SWIFT_COMPILATION_MODE = wholemodule;
				SWIFT_OPTIMIZATION_LEVEL = "-O";
				VALIDATE_PRODUCT = YES;
			};
			name = Release;
		};
		913B303222112A4C00FFFAAD /* Debug */ = {
			isa = XCBuildConfiguration;
			buildSettings = {
				ASSETCATALOG_COMPILER_APPICON_NAME = AppIcon;
				CODE_SIGN_STYLE = Automatic;
				DEVELOPMENT_TEAM = HY634B3FW2;
				INFOPLIST_FILE = routerbuilder/Info.plist;
				LD_RUNPATH_SEARCH_PATHS = (
					"$(inherited)",
					"@executable_path/Frameworks",
				);
				PRODUCT_BUNDLE_IDENTIFIER = org.dianqk.routerbuilder;
				PRODUCT_NAME = "$(TARGET_NAME)";
				SWIFT_VERSION = 5.0;
				TARGETED_DEVICE_FAMILY = "1,2";
			};
			name = Debug;
		};
		913B303322112A4C00FFFAAD /* Release */ = {
			isa = XCBuildConfiguration;
			buildSettings = {
				ASSETCATALOG_COMPILER_APPICON_NAME = AppIcon;
				CODE_SIGN_STYLE = Automatic;
				DEVELOPMENT_TEAM = HY634B3FW2;
				INFOPLIST_FILE = routerbuilder/Info.plist;
				LD_RUNPATH_SEARCH_PATHS = (
					"$(inherited)",
					"@executable_path/Frameworks",
				);
				PRODUCT_BUNDLE_IDENTIFIER = org.dianqk.routerbuilder;
				PRODUCT_NAME = "$(TARGET_NAME)";
				SWIFT_VERSION = 5.0;
				TARGETED_DEVICE_FAMILY = "1,2";
			};
			name = Release;
		};
/* End XCBuildConfiguration section */

/* Begin XCConfigurationList section */
		913B301A22112A4B00FFFAAD /* Build configuration list for PBXProject "routerbuilder" */ = {
			isa = XCConfigurationList;
			buildConfigurations = (
				913B302F22112A4C00FFFAAD /* Debug */,
				913B303022112A4C00FFFAAD /* Release */,
			);
			defaultConfigurationIsVisible = 0;
			defaultConfigurationName = Release;
		};
		913B303122112A4C00FFFAAD /* Build configuration list for PBXNativeTarget "routerbuilder" */ = {
			isa = XCConfigurationList;
			buildConfigurations = (
				913B303222112A4C00FFFAAD /* Debug */,
				913B303322112A4C00FFFAAD /* Release */,
			);
			defaultConfigurationIsVisible = 0;
			defaultConfigurationName = Release;
		};
/* End XCConfigurationList section */
	};
	rootObject = 913B301722112A4B00FFFAAD /* Project object */;
}
